
Microsoft Visual Studio Solution File, Format Version 12.00
# Visual Studio Version 17
VisualStudioVersion = 17.3.32929.385
MinimumVisualStudioVersion = 10.0.40219.1
Project("{2150E333-8FDC-42A3-9474-1A3956D46DE8}") = "Core", "Core", "{56217F64-976A-4FFD-8E02-165B2104EA0C}"
EndProject
Project("{2150E333-8FDC-42A3-9474-1A3956D46DE8}") = "Infrastructure", "Infrastructure", "{10D38216-3B36-4B58-AB41-67E4524F0E9F}"
EndProject
Project("{2150E333-8FDC-42A3-9474-1A3956D46DE8}") = "Presentation", "Presentation", "{E7C75B5F-44E1-4972-BC1F-EB6144630380}"
EndProject
Project("{9A19103F-16F7-4668-BE54-9A1E7A4F7556}") = "Comfy.Application", "Comfy.Application\Comfy.Application.csproj", "{2B6CF560-FA5C-4067-8BC6-B448E39935A0}"
EndProject
Project("{9A19103F-16F7-4668-BE54-9A1E7A4F7556}") = "Comfy.Domain", "Comfy.Domain\Comfy.Domain.csproj", "{EDB00B00-AAEE-4A6D-A490-28A218D3264E}"
EndProject
Project("{9A19103F-16F7-4668-BE54-9A1E7A4F7556}") = "Comfy.Persistence", "Comfy.Persistence\Comfy.Persistence.csproj", "{0B73213A-28B6-4C33-A707-AC0C20FFC12B}"
EndProject
Project("{9A19103F-16F7-4668-BE54-9A1E7A4F7556}") = "Comfy.WebApi", "Comfy.WebApi\Comfy.WebApi.csproj", "{C43B6FC1-0D97-4136-8010-9EBCD941B8DF}"
EndProject
Project("{2150E333-8FDC-42A3-9474-1A3956D46DE8}") = "Tests", "Tests", "{F8F96B72-FFEA-4D59-8AFB-833602507B20}"
EndProject
Project("{9A19103F-16F7-4668-BE54-9A1E7A4F7556}") = "Comfy.Tests", "Comfy.Tests\Comfy.Tests.csproj", "{5DD3CA3C-FE7F-483A-BBD7-B0B2E0397EFC}"
EndProject
Global
	GlobalSection(SolutionConfigurationPlatforms) = preSolution
		Debug|Any CPU = Debug|Any CPU
		Release|Any CPU = Release|Any CPU
	EndGlobalSection
	GlobalSection(ProjectConfigurationPlatforms) = postSolution
		{2B6CF560-FA5C-4067-8BC6-B448E39935A0}.Debug|Any CPU.ActiveCfg = Debug|Any CPU
		{2B6CF560-FA5C-4067-8BC6-B448E39935A0}.Debug|Any CPU.Build.0 = Debug|Any CPU
		{2B6CF560-FA5C-4067-8BC6-B448E39935A0}.Release|Any CPU.ActiveCfg = Release|Any CPU
		{2B6CF560-FA5C-4067-8BC6-B448E39935A0}.Release|Any CPU.Build.0 = Release|Any CPU
		{EDB00B00-AAEE-4A6D-A490-28A218D3264E}.Debug|Any CPU.ActiveCfg = Debug|Any CPU
		{EDB00B00-AAEE-4A6D-A490-28A218D3264E}.Debug|Any CPU.Build.0 = Debug|Any CPU
		{EDB00B00-AAEE-4A6D-A490-28A218D3264E}.Release|Any CPU.ActiveCfg = Release|Any CPU
		{EDB00B00-AAEE-4A6D-A490-28A218D3264E}.Release|Any CPU.Build.0 = Release|Any CPU
		{0B73213A-28B6-4C33-A707-AC0C20FFC12B}.Debug|Any CPU.ActiveCfg = Debug|Any CPU
		{0B73213A-28B6-4C33-A707-AC0C20FFC12B}.Debug|Any CPU.Build.0 = Debug|Any CPU
		{0B73213A-28B6-4C33-A707-AC0C20FFC12B}.Release|Any CPU.ActiveCfg = Release|Any CPU
		{0B73213A-28B6-4C33-A707-AC0C20FFC12B}.Release|Any CPU.Build.0 = Release|Any CPU
		{C43B6FC1-0D97-4136-8010-9EBCD941B8DF}.Debug|Any CPU.ActiveCfg = Debug|Any CPU
		{C43B6FC1-0D97-4136-8010-9EBCD941B8DF}.Debug|Any CPU.Build.0 = Debug|Any CPU
		{C43B6FC1-0D97-4136-8010-9EBCD941B8DF}.Release|Any CPU.ActiveCfg = Release|Any CPU
		{C43B6FC1-0D97-4136-8010-9EBCD941B8DF}.Release|Any CPU.Build.0 = Release|Any CPU
		{5DD3CA3C-FE7F-483A-BBD7-B0B2E0397EFC}.Debug|Any CPU.ActiveCfg = Debug|Any CPU
		{5DD3CA3C-FE7F-483A-BBD7-B0B2E0397EFC}.Debug|Any CPU.Build.0 = Debug|Any CPU
		{5DD3CA3C-FE7F-483A-BBD7-B0B2E0397EFC}.Release|Any CPU.ActiveCfg = Release|Any CPU
		{5DD3CA3C-FE7F-483A-BBD7-B0B2E0397EFC}.Release|Any CPU.Build.0 = Release|Any CPU
	EndGlobalSection
	GlobalSection(SolutionProperties) = preSolution
		HideSolutionNode = FALSE
	EndGlobalSection
	GlobalSection(NestedProjects) = preSolution
		{2B6CF560-FA5C-4067-8BC6-B448E39935A0} = {56217F64-976A-4FFD-8E02-165B2104EA0C}
		{EDB00B00-AAEE-4A6D-A490-28A218D3264E} = {56217F64-976A-4FFD-8E02-165B2104EA0C}
		{0B73213A-28B6-4C33-A707-AC0C20FFC12B} = {10D38216-3B36-4B58-AB41-67E4524F0E9F}
		{C43B6FC1-0D97-4136-8010-9EBCD941B8DF} = {E7C75B5F-44E1-4972-BC1F-EB6144630380}
		{5DD3CA3C-FE7F-483A-BBD7-B0B2E0397EFC} = {F8F96B72-FFEA-4D59-8AFB-833602507B20}
	EndGlobalSection
	GlobalSection(ExtensibilityGlobals) = postSolution
		SolutionGuid = {D61609B6-761D-432D-81DA-0C6520C615CE}
	EndGlobalSection
EndGlobal
